
Microsoft Visual Studio Solution File, Format Version 12.00
# Visual Studio Version 16
VisualStudioVersion = 16.0.30503.244
MinimumVisualStudioVersion = 10.0.40219.1
Project("{FAE04EC0-301F-11D3-BF4B-00C04F79EFBC}") = "03. Memory Game", "03. Memory Game\03. Memory Game.csproj", "{2D529600-CC1E-489E-8B6C-1E201F5276F1}"
EndProject
Global
	GlobalSection(SolutionConfigurationPlatforms) = preSolution
		Debug|Any CPU = Debug|Any CPU
		Release|Any CPU = Release|Any CPU
	EndGlobalSection
	GlobalSection(ProjectConfigurationPlatforms) = postSolution
		{2D529600-CC1E-489E-8B6C-1E201F5276F1}.Debug|Any CPU.ActiveCfg = Debug|Any CPU
		{2D529600-CC1E-489E-8B6C-1E201F5276F1}.Debug|Any CPU.Build.0 = Debug|Any CPU
		{2D529600-CC1E-489E-8B6C-1E201F5276F1}.Release|Any CPU.ActiveCfg = Release|Any CPU
		{2D529600-CC1E-489E-8B6C-1E201F5276F1}.Release|Any CPU.Build.0 = Release|Any CPU
	EndGlobalSection
	GlobalSection(SolutionProperties) = preSolution
		HideSolutionNode = FALSE
	EndGlobalSection
	GlobalSection(ExtensibilityGlobals) = postSolution
		SolutionGuid = {73392BA2-0465-42DF-A352-B42C33D2A70E}
	EndGlobalSection
EndGlobal
