
Microsoft Visual Studio Solution File, Format Version 12.00
# Visual Studio Version 16
VisualStudioVersion = 16.0.30503.244
MinimumVisualStudioVersion = 10.0.40219.1
Project("{9A19103F-16F7-4668-BE54-9A1E7A4F7556}") = "01. The Pianist", "01. The Pianist\01. The Pianist.csproj", "{F9D419B4-81EE-49AA-A4BC-7DD2A3CF041B}"
EndProject
Project("{9A19103F-16F7-4668-BE54-9A1E7A4F7556}") = "02. Plant Discovery", "..\03. Plant Discovery\02. Plant Discovery.csproj", "{89226184-D949-4599-9404-AD0F1635C2AB}"
EndProject
Project("{9A19103F-16F7-4668-BE54-9A1E7A4F7556}") = "03. Need for Speed III", "01. Need for Speed III\03. Need for Speed III.csproj", "{BA4A9374-E949-48C2-829A-B681475E518B}"
EndProject
Project("{9A19103F-16F7-4668-BE54-9A1E7A4F7556}") = "03. Heroes of Code and Logic VII", "03. Heroes of Code and Logic VII\03. Heroes of Code and Logic VII.csproj", "{0686D175-B716-4414-AD08-E02C94705D0F}"
EndProject
Project("{FAE04EC0-301F-11D3-BF4B-00C04F79EFBC}") = "03. P!rates", "03. P!rates\03. P!rates.csproj", "{2F33F79F-19E9-4DC2-AF2D-75B86318F2F9}"
EndProject
Global
	GlobalSection(SolutionConfigurationPlatforms) = preSolution
		Debug|Any CPU = Debug|Any CPU
		Release|Any CPU = Release|Any CPU
	EndGlobalSection
	GlobalSection(ProjectConfigurationPlatforms) = postSolution
		{F9D419B4-81EE-49AA-A4BC-7DD2A3CF041B}.Debug|Any CPU.ActiveCfg = Debug|Any CPU
		{F9D419B4-81EE-49AA-A4BC-7DD2A3CF041B}.Debug|Any CPU.Build.0 = Debug|Any CPU
		{F9D419B4-81EE-49AA-A4BC-7DD2A3CF041B}.Release|Any CPU.ActiveCfg = Release|Any CPU
		{F9D419B4-81EE-49AA-A4BC-7DD2A3CF041B}.Release|Any CPU.Build.0 = Release|Any CPU
		{89226184-D949-4599-9404-AD0F1635C2AB}.Debug|Any CPU.ActiveCfg = Debug|Any CPU
		{89226184-D949-4599-9404-AD0F1635C2AB}.Debug|Any CPU.Build.0 = Debug|Any CPU
		{89226184-D949-4599-9404-AD0F1635C2AB}.Release|Any CPU.ActiveCfg = Release|Any CPU
		{89226184-D949-4599-9404-AD0F1635C2AB}.Release|Any CPU.Build.0 = Release|Any CPU
		{BA4A9374-E949-48C2-829A-B681475E518B}.Debug|Any CPU.ActiveCfg = Debug|Any CPU
		{BA4A9374-E949-48C2-829A-B681475E518B}.Debug|Any CPU.Build.0 = Debug|Any CPU
		{BA4A9374-E949-48C2-829A-B681475E518B}.Release|Any CPU.ActiveCfg = Release|Any CPU
		{BA4A9374-E949-48C2-829A-B681475E518B}.Release|Any CPU.Build.0 = Release|Any CPU
		{0686D175-B716-4414-AD08-E02C94705D0F}.Debug|Any CPU.ActiveCfg = Debug|Any CPU
		{0686D175-B716-4414-AD08-E02C94705D0F}.Debug|Any CPU.Build.0 = Debug|Any CPU
		{0686D175-B716-4414-AD08-E02C94705D0F}.Release|Any CPU.ActiveCfg = Release|Any CPU
		{0686D175-B716-4414-AD08-E02C94705D0F}.Release|Any CPU.Build.0 = Release|Any CPU
		{2F33F79F-19E9-4DC2-AF2D-75B86318F2F9}.Debug|Any CPU.ActiveCfg = Debug|Any CPU
		{2F33F79F-19E9-4DC2-AF2D-75B86318F2F9}.Debug|Any CPU.Build.0 = Debug|Any CPU
		{2F33F79F-19E9-4DC2-AF2D-75B86318F2F9}.Release|Any CPU.ActiveCfg = Release|Any CPU
		{2F33F79F-19E9-4DC2-AF2D-75B86318F2F9}.Release|Any CPU.Build.0 = Release|Any CPU
	EndGlobalSection
	GlobalSection(SolutionProperties) = preSolution
		HideSolutionNode = FALSE
	EndGlobalSection
	GlobalSection(ExtensibilityGlobals) = postSolution
		SolutionGuid = {6D086C94-F977-4C8A-9E1C-DFAA36442437}
	EndGlobalSection
EndGlobal
